
Microsoft Visual Studio Solution File, Format Version 12.00
# Visual Studio Version 17
VisualStudioVersion = 17.0.31903.59
MinimumVisualStudioVersion = 10.0.40219.1
Project("{9A19103F-16F7-4668-BE54-9A1E7A4F7556}") = "lab-2", "lab-2.csproj", "{D15AF239-B39E-4CB4-AE87-7B25BE9E6029}"
EndProject
Global
	GlobalSection(SolutionConfigurationPlatforms) = preSolution
		Debug|Any CPU = Debug|Any CPU
		Release|Any CPU = Release|Any CPU
	EndGlobalSection
	GlobalSection(ProjectConfigurationPlatforms) = postSolution
		{D15AF239-B39E-4CB4-AE87-7B25BE9E6029}.Debug|Any CPU.ActiveCfg = Debug|Any CPU
		{D15AF239-B39E-4CB4-AE87-7B25BE9E6029}.Debug|Any CPU.Build.0 = Debug|Any CPU
		{D15AF239-B39E-4CB4-AE87-7B25BE9E6029}.Release|Any CPU.ActiveCfg = Release|Any CPU
		{D15AF239-B39E-4CB4-AE87-7B25BE9E6029}.Release|Any CPU.Build.0 = Release|Any CPU
	EndGlobalSection
	GlobalSection(SolutionProperties) = preSolution
		HideSolutionNode = FALSE
	EndGlobalSection
	GlobalSection(ExtensibilityGlobals) = postSolution
		SolutionGuid = {CB2F932A-06C4-4EE5-A805-B4DEA49120A6}
	EndGlobalSection
EndGlobal
